
Microsoft Visual Studio Solution File, Format Version 12.00
# Visual Studio Version 16
VisualStudioVersion = 16.0.32002.261
MinimumVisualStudioVersion = 10.0.40219.1
Project("{FAE04EC0-301F-11D3-BF4B-00C04F79EFBC}") = "WebAPI", "WebAPI\WebAPI.csproj", "{18613ED4-DFC3-4939-8BD2-8E1C8076DDA6}"
EndProject
Project("{FAE04EC0-301F-11D3-BF4B-00C04F79EFBC}") = "DataAccesslayer", "DataAccesslayer\DataAccesslayer.csproj", "{BFAD3C5A-F9AC-4284-8286-C230EB29030B}"
EndProject
Project("{FAE04EC0-301F-11D3-BF4B-00C04F79EFBC}") = "BusinessLayer", "BusinessLayer\BusinessLayer.csproj", "{4FC366F5-9DCA-4396-89C5-7B109EEB15AF}"
EndProject
Project("{FAE04EC0-301F-11D3-BF4B-00C04F79EFBC}") = "CommonLayer", "CommonLayer\CommonLayer.csproj", "{9E1FEFD6-C246-4580-ACD7-DF6916DE4B50}"
EndProject
Global
	GlobalSection(SolutionConfigurationPlatforms) = preSolution
		Debug|Any CPU = Debug|Any CPU
		Release|Any CPU = Release|Any CPU
	EndGlobalSection
	GlobalSection(ProjectConfigurationPlatforms) = postSolution
		{18613ED4-DFC3-4939-8BD2-8E1C8076DDA6}.Debug|Any CPU.ActiveCfg = Debug|Any CPU
		{18613ED4-DFC3-4939-8BD2-8E1C8076DDA6}.Debug|Any CPU.Build.0 = Debug|Any CPU
		{18613ED4-DFC3-4939-8BD2-8E1C8076DDA6}.Release|Any CPU.ActiveCfg = Release|Any CPU
		{18613ED4-DFC3-4939-8BD2-8E1C8076DDA6}.Release|Any CPU.Build.0 = Release|Any CPU
		{BFAD3C5A-F9AC-4284-8286-C230EB29030B}.Debug|Any CPU.ActiveCfg = Debug|Any CPU
		{BFAD3C5A-F9AC-4284-8286-C230EB29030B}.Debug|Any CPU.Build.0 = Debug|Any CPU
		{BFAD3C5A-F9AC-4284-8286-C230EB29030B}.Release|Any CPU.ActiveCfg = Release|Any CPU
		{BFAD3C5A-F9AC-4284-8286-C230EB29030B}.Release|Any CPU.Build.0 = Release|Any CPU
		{4FC366F5-9DCA-4396-89C5-7B109EEB15AF}.Debug|Any CPU.ActiveCfg = Debug|Any CPU
		{4FC366F5-9DCA-4396-89C5-7B109EEB15AF}.Debug|Any CPU.Build.0 = Debug|Any CPU
		{4FC366F5-9DCA-4396-89C5-7B109EEB15AF}.Release|Any CPU.ActiveCfg = Release|Any CPU
		{4FC366F5-9DCA-4396-89C5-7B109EEB15AF}.Release|Any CPU.Build.0 = Release|Any CPU
		{9E1FEFD6-C246-4580-ACD7-DF6916DE4B50}.Debug|Any CPU.ActiveCfg = Debug|Any CPU
		{9E1FEFD6-C246-4580-ACD7-DF6916DE4B50}.Debug|Any CPU.Build.0 = Debug|Any CPU
		{9E1FEFD6-C246-4580-ACD7-DF6916DE4B50}.Release|Any CPU.ActiveCfg = Release|Any CPU
		{9E1FEFD6-C246-4580-ACD7-DF6916DE4B50}.Release|Any CPU.Build.0 = Release|Any CPU
	EndGlobalSection
	GlobalSection(SolutionProperties) = preSolution
		HideSolutionNode = FALSE
	EndGlobalSection
	GlobalSection(ExtensibilityGlobals) = postSolution
		SolutionGuid = {63D2B053-A6E6-459F-8101-DF045A56E90A}
	EndGlobalSection
EndGlobal
